{
  "name": "intelligentsocketdataloggerconfiggenerator",
  "version": "1.0.0",
  "lockfileVersion": 2,
  "requires": true,
  "packages": {
    "": {
      "name": "intelligentsocketdataloggerconfiggenerator",
      "version": "1.0.0",
      "license": "ISC",
      "dependencies": {
        "@jojojux/formulajs": "^1.1.1"
      }
    },
    "node_modules/@jojojux/formulajs": {
      "version": "1.1.1",
      "resolved": "https://registry.npmjs.org/@jojojux/formulajs/-/formulajs-1.1.1.tgz",
      "integrity": "sha512-yDKrffdl0N73OtgPTuvTAyyDqLWQH382o+e54Uqr0B6Lzdn4HpOByDVfn/KAkyKOdsTDSR9KLOXf7vLGggqvyg=="
    }
  },
  "dependencies": {
    "@jojojux/formulajs": {
      "version": "1.1.1",
      "resolved": "https://registry.npmjs.org/@jojojux/formulajs/-/formulajs-1.1.1.tgz",
      "integrity": "sha512-yDKrffdl0N73OtgPTuvTAyyDqLWQH382o+e54Uqr0B6Lzdn4HpOByDVfn/KAkyKOdsTDSR9KLOXf7vLGggqvyg=="
    }
  }
}
