{
  "name": "intelligentsocketdataloggerconfiggenerator",
  "version": "1.0.0",
  "lockfileVersion": 2,
  "requires": true,
  "packages": {
    "": {
      "name": "intelligentsocketdataloggerconfiggenerator",
      "version": "1.0.0",
      "license": "ISC",
      "dependencies": {
        "@jojojux/formulajs": "^1.2.1"
      }
    },
    "node_modules/@jojojux/formulajs": {
      "version": "1.2.1",
      "resolved": "https://registry.npmjs.org/@jojojux/formulajs/-/formulajs-1.2.1.tgz",
      "integrity": "sha512-0NXQczRjKx3er6C8QEIuvRubCmfXeuiatGYtDrNUdnDtXMtto+ryh3MOFKvIPHcKGFceSK2yvTVtxWeUxjJ8tg=="
    }
  },
  "dependencies": {
    "@jojojux/formulajs": {
      "version": "1.2.1",
      "resolved": "https://registry.npmjs.org/@jojojux/formulajs/-/formulajs-1.2.1.tgz",
      "integrity": "sha512-0NXQczRjKx3er6C8QEIuvRubCmfXeuiatGYtDrNUdnDtXMtto+ryh3MOFKvIPHcKGFceSK2yvTVtxWeUxjJ8tg=="
    }
  }
}
